
Microsoft Visual Studio Solution File, Format Version 12.00
# Visual Studio Version 16
VisualStudioVersion = 16.0.29926.136
MinimumVisualStudioVersion = 10.0.40219.1
Project("{9A19103F-16F7-4668-BE54-9A1E7A4F7556}") = "eds-coaching-api-services", "eds-coaching-api-services\eds-coaching-api-services.csproj", "{619F6E6A-5787-4EB2-80BD-91DAC0604470}"
EndProject
Global
	GlobalSection(SolutionConfigurationPlatforms) = preSolution
		Debug|Any CPU = Debug|Any CPU
		Release|Any CPU = Release|Any CPU
	EndGlobalSection
	GlobalSection(ProjectConfigurationPlatforms) = postSolution
		{619F6E6A-5787-4EB2-80BD-91DAC0604470}.Debug|Any CPU.ActiveCfg = Debug|Any CPU
		{619F6E6A-5787-4EB2-80BD-91DAC0604470}.Debug|Any CPU.Build.0 = Debug|Any CPU
		{619F6E6A-5787-4EB2-80BD-91DAC0604470}.Release|Any CPU.ActiveCfg = Release|Any CPU
		{619F6E6A-5787-4EB2-80BD-91DAC0604470}.Release|Any CPU.Build.0 = Release|Any CPU
	EndGlobalSection
	GlobalSection(SolutionProperties) = preSolution
		HideSolutionNode = FALSE
	EndGlobalSection
	GlobalSection(ExtensibilityGlobals) = postSolution
		SolutionGuid = {7B4FC5E3-BDC4-4E4C-80B0-E1895B4A6DDB}
	EndGlobalSection
EndGlobal
